
Microsoft Visual Studio Solution File, Format Version 12.00
# Visual Studio Version 17
VisualStudioVersion = 17.2.32602.215
MinimumVisualStudioVersion = 10.0.40219.1
Project("{2150E333-8FDC-42A3-9474-1A3956D46DE8}") = "AppointmentManagementSystem", "AppointmentManagementSystem", "{FC8B47AE-921C-403F-A380-EC8AA8C29336}"
EndProject
Project("{9A19103F-16F7-4668-BE54-9A1E7A4F7556}") = "ams_logic", "AppointmentManagementSystem\ams_logic\ams_logic.csproj", "{089FDB97-9598-4C71-BC91-B7F93A9E8262}"
EndProject
Project("{9A19103F-16F7-4668-BE54-9A1E7A4F7556}") = "ams_dal", "AppointmentManagementSystem\ams_dal\ams_dal.csproj", "{DB946DF8-A67B-4DD7-B9A2-B63B1D1DDC43}"
EndProject
Project("{9A19103F-16F7-4668-BE54-9A1E7A4F7556}") = "ams_api", "AppointmentManagementSystem\ams_api\ams_api.csproj", "{C9814198-BF9C-4830-9551-F39C5CCECB5F}"
EndProject
Project("{9A19103F-16F7-4668-BE54-9A1E7A4F7556}") = "ams_rabbitmq_access_layer", "AppointmentManagementSystem\ams_rabbitmq_access_layer\ams_rabbitmq_access_layer.csproj", "{8B0CD121-DA8B-4F97-BDB9-503EB0B2E686}"
EndProject
Project("{9A19103F-16F7-4668-BE54-9A1E7A4F7556}") = "ams_test", "AppointmentManagementSystem\ams_test\ams_test.csproj", "{6183BE85-C933-4441-9548-B8E7E5CA7E84}"
EndProject
Project("{2150E333-8FDC-42A3-9474-1A3956D46DE8}") = "Solution Items", "Solution Items", "{7A7CFA3B-64BA-4888-B8B1-76588AF9EA6E}"
	ProjectSection(SolutionItems) = preProject
		.editorconfig = .editorconfig
	EndProjectSection
EndProject
Project("{2150E333-8FDC-42A3-9474-1A3956D46DE8}") = "SpecialistManagementSystem", "SpecialistManagementSystem", "{0F55AA36-CA47-4664-A8CD-E7005D65D13C}"
EndProject
Project("{FAE04EC0-301F-11D3-BF4B-00C04F79EFBC}") = "sms_logic", "SpecialistManagementSystem\sms_logic\sms_logic.csproj", "{AD7392DA-C3AF-4980-8A32-EFED02DA04C1}"
EndProject
Project("{FAE04EC0-301F-11D3-BF4B-00C04F79EFBC}") = "sms_dal", "SpecialistManagementSystem\sms_dal\sms_dal.csproj", "{05761D95-7423-4090-8498-AA1DF5E04EC2}"
EndProject
Project("{FAE04EC0-301F-11D3-BF4B-00C04F79EFBC}") = "sms_rabbitmq_access_layer", "SpecialistManagementSystem\sms_rabbitmq_access_layer\sms_rabbitmq_access_layer.csproj", "{92969135-5995-491B-945F-AA7F69770B7F}"
EndProject
Project("{FAE04EC0-301F-11D3-BF4B-00C04F79EFBC}") = "sms_api", "SpecialistManagementSystem\sms_api\sms_api.csproj", "{CBC51164-E3F6-4871-9E9E-47B997DE8545}"
EndProject
Global
	GlobalSection(SolutionConfigurationPlatforms) = preSolution
		Debug|Any CPU = Debug|Any CPU
		Release|Any CPU = Release|Any CPU
	EndGlobalSection
	GlobalSection(ProjectConfigurationPlatforms) = postSolution
		{089FDB97-9598-4C71-BC91-B7F93A9E8262}.Debug|Any CPU.ActiveCfg = Debug|Any CPU
		{089FDB97-9598-4C71-BC91-B7F93A9E8262}.Debug|Any CPU.Build.0 = Debug|Any CPU
		{089FDB97-9598-4C71-BC91-B7F93A9E8262}.Release|Any CPU.ActiveCfg = Release|Any CPU
		{089FDB97-9598-4C71-BC91-B7F93A9E8262}.Release|Any CPU.Build.0 = Release|Any CPU
		{DB946DF8-A67B-4DD7-B9A2-B63B1D1DDC43}.Debug|Any CPU.ActiveCfg = Debug|Any CPU
		{DB946DF8-A67B-4DD7-B9A2-B63B1D1DDC43}.Debug|Any CPU.Build.0 = Debug|Any CPU
		{DB946DF8-A67B-4DD7-B9A2-B63B1D1DDC43}.Release|Any CPU.ActiveCfg = Release|Any CPU
		{DB946DF8-A67B-4DD7-B9A2-B63B1D1DDC43}.Release|Any CPU.Build.0 = Release|Any CPU
		{C9814198-BF9C-4830-9551-F39C5CCECB5F}.Debug|Any CPU.ActiveCfg = Debug|Any CPU
		{C9814198-BF9C-4830-9551-F39C5CCECB5F}.Debug|Any CPU.Build.0 = Debug|Any CPU
		{C9814198-BF9C-4830-9551-F39C5CCECB5F}.Release|Any CPU.ActiveCfg = Release|Any CPU
		{C9814198-BF9C-4830-9551-F39C5CCECB5F}.Release|Any CPU.Build.0 = Release|Any CPU
		{8B0CD121-DA8B-4F97-BDB9-503EB0B2E686}.Debug|Any CPU.ActiveCfg = Debug|Any CPU
		{8B0CD121-DA8B-4F97-BDB9-503EB0B2E686}.Debug|Any CPU.Build.0 = Debug|Any CPU
		{8B0CD121-DA8B-4F97-BDB9-503EB0B2E686}.Release|Any CPU.ActiveCfg = Release|Any CPU
		{8B0CD121-DA8B-4F97-BDB9-503EB0B2E686}.Release|Any CPU.Build.0 = Release|Any CPU
		{6183BE85-C933-4441-9548-B8E7E5CA7E84}.Debug|Any CPU.ActiveCfg = Debug|Any CPU
		{6183BE85-C933-4441-9548-B8E7E5CA7E84}.Debug|Any CPU.Build.0 = Debug|Any CPU
		{6183BE85-C933-4441-9548-B8E7E5CA7E84}.Release|Any CPU.ActiveCfg = Release|Any CPU
		{6183BE85-C933-4441-9548-B8E7E5CA7E84}.Release|Any CPU.Build.0 = Release|Any CPU
		{AD7392DA-C3AF-4980-8A32-EFED02DA04C1}.Debug|Any CPU.ActiveCfg = Debug|Any CPU
		{AD7392DA-C3AF-4980-8A32-EFED02DA04C1}.Debug|Any CPU.Build.0 = Debug|Any CPU
		{AD7392DA-C3AF-4980-8A32-EFED02DA04C1}.Release|Any CPU.ActiveCfg = Release|Any CPU
		{AD7392DA-C3AF-4980-8A32-EFED02DA04C1}.Release|Any CPU.Build.0 = Release|Any CPU
		{05761D95-7423-4090-8498-AA1DF5E04EC2}.Debug|Any CPU.ActiveCfg = Debug|Any CPU
		{05761D95-7423-4090-8498-AA1DF5E04EC2}.Debug|Any CPU.Build.0 = Debug|Any CPU
		{05761D95-7423-4090-8498-AA1DF5E04EC2}.Release|Any CPU.ActiveCfg = Release|Any CPU
		{05761D95-7423-4090-8498-AA1DF5E04EC2}.Release|Any CPU.Build.0 = Release|Any CPU
		{92969135-5995-491B-945F-AA7F69770B7F}.Debug|Any CPU.ActiveCfg = Debug|Any CPU
		{92969135-5995-491B-945F-AA7F69770B7F}.Debug|Any CPU.Build.0 = Debug|Any CPU
		{92969135-5995-491B-945F-AA7F69770B7F}.Release|Any CPU.ActiveCfg = Release|Any CPU
		{92969135-5995-491B-945F-AA7F69770B7F}.Release|Any CPU.Build.0 = Release|Any CPU
		{CBC51164-E3F6-4871-9E9E-47B997DE8545}.Debug|Any CPU.ActiveCfg = Debug|Any CPU
		{CBC51164-E3F6-4871-9E9E-47B997DE8545}.Debug|Any CPU.Build.0 = Debug|Any CPU
		{CBC51164-E3F6-4871-9E9E-47B997DE8545}.Release|Any CPU.ActiveCfg = Release|Any CPU
		{CBC51164-E3F6-4871-9E9E-47B997DE8545}.Release|Any CPU.Build.0 = Release|Any CPU
	EndGlobalSection
	GlobalSection(SolutionProperties) = preSolution
		HideSolutionNode = FALSE
	EndGlobalSection
	GlobalSection(NestedProjects) = preSolution
		{089FDB97-9598-4C71-BC91-B7F93A9E8262} = {FC8B47AE-921C-403F-A380-EC8AA8C29336}
		{DB946DF8-A67B-4DD7-B9A2-B63B1D1DDC43} = {FC8B47AE-921C-403F-A380-EC8AA8C29336}
		{C9814198-BF9C-4830-9551-F39C5CCECB5F} = {FC8B47AE-921C-403F-A380-EC8AA8C29336}
		{8B0CD121-DA8B-4F97-BDB9-503EB0B2E686} = {FC8B47AE-921C-403F-A380-EC8AA8C29336}
		{6183BE85-C933-4441-9548-B8E7E5CA7E84} = {FC8B47AE-921C-403F-A380-EC8AA8C29336}
		{AD7392DA-C3AF-4980-8A32-EFED02DA04C1} = {0F55AA36-CA47-4664-A8CD-E7005D65D13C}
		{05761D95-7423-4090-8498-AA1DF5E04EC2} = {0F55AA36-CA47-4664-A8CD-E7005D65D13C}
		{92969135-5995-491B-945F-AA7F69770B7F} = {0F55AA36-CA47-4664-A8CD-E7005D65D13C}
		{CBC51164-E3F6-4871-9E9E-47B997DE8545} = {0F55AA36-CA47-4664-A8CD-E7005D65D13C}
	EndGlobalSection
	GlobalSection(ExtensibilityGlobals) = postSolution
		SolutionGuid = {1F262AC5-8C11-44CF-85F4-946D95D09F7A}
	EndGlobalSection
EndGlobal
